
Microsoft Visual Studio Solution File, Format Version 12.00
# Visual Studio 14
VisualStudioVersion = 14.0.24720.0
MinimumVisualStudioVersion = 10.0.40219.1
Project("{8BC9CEB8-8B4A-11D0-8D11-00A0C91BC942}") = "Observer", "Observer\Observer.vcxproj", "{A37A9AD6-CA5A-48A8-84ED-E79CA6EE3CA0}"
EndProject
Project("{8BC9CEB8-8B4A-11D0-8D11-00A0C91BC942}") = "Decorator", "Decorator\Decorator.vcxproj", "{3F196D0E-2FE4-45E6-BECE-B96338C8EAFE}"
EndProject
Project("{8BC9CEB8-8B4A-11D0-8D11-00A0C91BC942}") = "Strategy", "Strategy\Strategy.vcxproj", "{8E994AC2-CCC7-4B59-9D59-6CCFDD8644E4}"
EndProject
Project("{8BC9CEB8-8B4A-11D0-8D11-00A0C91BC942}") = "Command", "Command\Command.vcxproj", "{30B5CBCE-223C-460D-B8BB-4AC8C28CBB35}"
EndProject
Global
	GlobalSection(SolutionConfigurationPlatforms) = preSolution
		Debug|x64 = Debug|x64
		Debug|x86 = Debug|x86
		Release|x64 = Release|x64
		Release|x86 = Release|x86
	EndGlobalSection
	GlobalSection(ProjectConfigurationPlatforms) = postSolution
		{A37A9AD6-CA5A-48A8-84ED-E79CA6EE3CA0}.Debug|x64.ActiveCfg = Debug|x64
		{A37A9AD6-CA5A-48A8-84ED-E79CA6EE3CA0}.Debug|x64.Build.0 = Debug|x64
		{A37A9AD6-CA5A-48A8-84ED-E79CA6EE3CA0}.Debug|x86.ActiveCfg = Debug|Win32
		{A37A9AD6-CA5A-48A8-84ED-E79CA6EE3CA0}.Debug|x86.Build.0 = Debug|Win32
		{A37A9AD6-CA5A-48A8-84ED-E79CA6EE3CA0}.Release|x64.ActiveCfg = Release|x64
		{A37A9AD6-CA5A-48A8-84ED-E79CA6EE3CA0}.Release|x64.Build.0 = Release|x64
		{A37A9AD6-CA5A-48A8-84ED-E79CA6EE3CA0}.Release|x86.ActiveCfg = Release|Win32
		{A37A9AD6-CA5A-48A8-84ED-E79CA6EE3CA0}.Release|x86.Build.0 = Release|Win32
		{3F196D0E-2FE4-45E6-BECE-B96338C8EAFE}.Debug|x64.ActiveCfg = Debug|x64
		{3F196D0E-2FE4-45E6-BECE-B96338C8EAFE}.Debug|x64.Build.0 = Debug|x64
		{3F196D0E-2FE4-45E6-BECE-B96338C8EAFE}.Debug|x86.ActiveCfg = Debug|Win32
		{3F196D0E-2FE4-45E6-BECE-B96338C8EAFE}.Debug|x86.Build.0 = Debug|Win32
		{3F196D0E-2FE4-45E6-BECE-B96338C8EAFE}.Release|x64.ActiveCfg = Release|x64
		{3F196D0E-2FE4-45E6-BECE-B96338C8EAFE}.Release|x64.Build.0 = Release|x64
		{3F196D0E-2FE4-45E6-BECE-B96338C8EAFE}.Release|x86.ActiveCfg = Release|Win32
		{3F196D0E-2FE4-45E6-BECE-B96338C8EAFE}.Release|x86.Build.0 = Release|Win32
		{8E994AC2-CCC7-4B59-9D59-6CCFDD8644E4}.Debug|x64.ActiveCfg = Debug|x64
		{8E994AC2-CCC7-4B59-9D59-6CCFDD8644E4}.Debug|x64.Build.0 = Debug|x64
		{8E994AC2-CCC7-4B59-9D59-6CCFDD8644E4}.Debug|x86.ActiveCfg = Debug|Win32
		{8E994AC2-CCC7-4B59-9D59-6CCFDD8644E4}.Debug|x86.Build.0 = Debug|Win32
		{8E994AC2-CCC7-4B59-9D59-6CCFDD8644E4}.Release|x64.ActiveCfg = Release|x64
		{8E994AC2-CCC7-4B59-9D59-6CCFDD8644E4}.Release|x64.Build.0 = Release|x64
		{8E994AC2-CCC7-4B59-9D59-6CCFDD8644E4}.Release|x86.ActiveCfg = Release|Win32
		{8E994AC2-CCC7-4B59-9D59-6CCFDD8644E4}.Release|x86.Build.0 = Release|Win32
		{30B5CBCE-223C-460D-B8BB-4AC8C28CBB35}.Debug|x64.ActiveCfg = Debug|x64
		{30B5CBCE-223C-460D-B8BB-4AC8C28CBB35}.Debug|x64.Build.0 = Debug|x64
		{30B5CBCE-223C-460D-B8BB-4AC8C28CBB35}.Debug|x86.ActiveCfg = Debug|Win32
		{30B5CBCE-223C-460D-B8BB-4AC8C28CBB35}.Debug|x86.Build.0 = Debug|Win32
		{30B5CBCE-223C-460D-B8BB-4AC8C28CBB35}.Release|x64.ActiveCfg = Release|x64
		{30B5CBCE-223C-460D-B8BB-4AC8C28CBB35}.Release|x64.Build.0 = Release|x64
		{30B5CBCE-223C-460D-B8BB-4AC8C28CBB35}.Release|x86.ActiveCfg = Release|Win32
		{30B5CBCE-223C-460D-B8BB-4AC8C28CBB35}.Release|x86.Build.0 = Release|Win32
	EndGlobalSection
	GlobalSection(SolutionProperties) = preSolution
		HideSolutionNode = FALSE
	EndGlobalSection
EndGlobal
